{
    "_meta": {
        "hash": {
            "sha256": "f8f9756631327bd83292bfec25f48e3e184521e394375b2e8c39e847e2ca1da0"
        },
        "pipfile-spec": 6,
        "requires": {},
        "sources": [
            {
                "name": "pypi",
                "url": "https://pypi.org/simple",
                "verify_ssl": true
            }
        ]
    },
    "default": {
        "peewee": {
            "hashes": [
                "sha256:cc934286d0c0842203abe66a3c6583d1463371e633b03d6da054d0f74e70706f"
            ],
            "index": "pypi",
            "version": "==3.15.3"
        },
        "pymysql": {
            "hashes": [
                "sha256:4de15da4c61dc132f4fb9ab763063e693d521a80fd0e87943b9a453dd4c19d6c",
                "sha256:e127611aaf2b417403c60bf4dc570124aeb4a57f5f37b8e95ae399a42f904cd0"
            ],
            "index": "pypi",
            "markers": "python_version >= '3.7'",
            "version": "==1.1.1"
        },
        "python-dotenv": {
            "hashes": [
                "sha256:1684eb44636dd462b66c3ee016599815514527ad99965de77f43e0944634a7e5",
                "sha256:b77d08274639e3d34145dfa6c7008e66df0f04b7be7a75fd0d5292c191d79045"
            ],
            "index": "pypi",
            "version": "==0.21.0"
        },
        "schedule": {
            "hashes": [
                "sha256:617adce8b4bf38c360b781297d59918fbebfb2878f1671d189f4f4af5d0567a4",
                "sha256:e6ca13585e62c810e13a08682e0a6a8ad245372e376ba2b8679294f377dfc8e4"
            ],
            "index": "pypi",
            "version": "==1.1.0"
        }
    },
    "develop": {}
}
